
Microsoft Visual Studio Solution File, Format Version 12.00
# Visual Studio Version 16
VisualStudioVersion = 16.0.29911.98
MinimumVisualStudioVersion = 10.0.40219.1
Project("{9A19103F-16F7-4668-BE54-9A1E7A4F7556}") = "MJR047.FunctionApp1", "MJR047.FunctionApp1\MJR047.FunctionApp1.csproj", "{6930FD65-06A1-4C36-8F31-3BC75F644CC8}"
EndProject
Global
	GlobalSection(SolutionConfigurationPlatforms) = preSolution
		Debug|Any CPU = Debug|Any CPU
		Release|Any CPU = Release|Any CPU
	EndGlobalSection
	GlobalSection(ProjectConfigurationPlatforms) = postSolution
		{6930FD65-06A1-4C36-8F31-3BC75F644CC8}.Debug|Any CPU.ActiveCfg = Debug|Any CPU
		{6930FD65-06A1-4C36-8F31-3BC75F644CC8}.Debug|Any CPU.Build.0 = Debug|Any CPU
		{6930FD65-06A1-4C36-8F31-3BC75F644CC8}.Release|Any CPU.ActiveCfg = Release|Any CPU
		{6930FD65-06A1-4C36-8F31-3BC75F644CC8}.Release|Any CPU.Build.0 = Release|Any CPU
	EndGlobalSection
	GlobalSection(SolutionProperties) = preSolution
		HideSolutionNode = FALSE
	EndGlobalSection
	GlobalSection(ExtensibilityGlobals) = postSolution
		SolutionGuid = {5B843DC6-EA6C-495D-9D9C-D35DB7BB4F8B}
	EndGlobalSection
EndGlobal
